
Microsoft Visual Studio Solution File, Format Version 12.00
# Visual Studio Version 16
VisualStudioVersion = 16.0.33801.447
MinimumVisualStudioVersion = 10.0.40219.1
Project("{FAE04EC0-301F-11D3-BF4B-00C04F79EFBC}") = "MSWISO", "MSWISO\MSWISO.csproj", "{C8EC1D10-6F72-43C4-84A0-5F0A31952417}"
EndProject
Global
	GlobalSection(SolutionConfigurationPlatforms) = preSolution
		Debug|Any CPU = Debug|Any CPU
		Release|Any CPU = Release|Any CPU
	EndGlobalSection
	GlobalSection(ProjectConfigurationPlatforms) = postSolution
		{C8EC1D10-6F72-43C4-84A0-5F0A31952417}.Debug|Any CPU.ActiveCfg = Debug|Any CPU
		{C8EC1D10-6F72-43C4-84A0-5F0A31952417}.Debug|Any CPU.Build.0 = Debug|Any CPU
		{C8EC1D10-6F72-43C4-84A0-5F0A31952417}.Release|Any CPU.ActiveCfg = Release|Any CPU
		{C8EC1D10-6F72-43C4-84A0-5F0A31952417}.Release|Any CPU.Build.0 = Release|Any CPU
	EndGlobalSection
	GlobalSection(SolutionProperties) = preSolution
		HideSolutionNode = FALSE
	EndGlobalSection
	GlobalSection(ExtensibilityGlobals) = postSolution
		SolutionGuid = {B4C6B352-FFD9-4937-A5F5-DE825C5B3445}
	EndGlobalSection
EndGlobal
